
Microsoft Visual Studio Solution File, Format Version 12.00
Project("{FAE04EC0-301F-11D3-BF4B-00C04F79EFBC}") = "DesignPatterns", "DesignPatterns\DesignPatterns.csproj", "{868657C2-34A7-4553-9770-95E83857E05B}"
EndProject
Project("{FAE04EC0-301F-11D3-BF4B-00C04F79EFBC}") = "DesignPatterns.BusinessLogicObjects", "DesignPatterns.BusinessLogicObjects\DesignPatterns.BusinessLogicObjects.csproj", "{1D6712F0-6192-440E-8ADA-8C2243AB49DE}"
EndProject
Project("{FAE04EC0-301F-11D3-BF4B-00C04F79EFBC}") = "DesignPatterns.Factory", "DesignPatterns.Factory\DesignPatterns.Factory.csproj", "{8FD1AE79-7D9B-4BA7-B8FE-FDF1CC7001A1}"
EndProject
Global
	GlobalSection(SolutionConfigurationPlatforms) = preSolution
		Debug|Any CPU = Debug|Any CPU
		Release|Any CPU = Release|Any CPU
	EndGlobalSection
	GlobalSection(ProjectConfigurationPlatforms) = postSolution
		{868657C2-34A7-4553-9770-95E83857E05B}.Debug|Any CPU.ActiveCfg = Debug|Any CPU
		{868657C2-34A7-4553-9770-95E83857E05B}.Debug|Any CPU.Build.0 = Debug|Any CPU
		{868657C2-34A7-4553-9770-95E83857E05B}.Release|Any CPU.ActiveCfg = Release|Any CPU
		{868657C2-34A7-4553-9770-95E83857E05B}.Release|Any CPU.Build.0 = Release|Any CPU
		{1D6712F0-6192-440E-8ADA-8C2243AB49DE}.Debug|Any CPU.ActiveCfg = Debug|Any CPU
		{1D6712F0-6192-440E-8ADA-8C2243AB49DE}.Debug|Any CPU.Build.0 = Debug|Any CPU
		{1D6712F0-6192-440E-8ADA-8C2243AB49DE}.Release|Any CPU.ActiveCfg = Release|Any CPU
		{1D6712F0-6192-440E-8ADA-8C2243AB49DE}.Release|Any CPU.Build.0 = Release|Any CPU
		{8FD1AE79-7D9B-4BA7-B8FE-FDF1CC7001A1}.Debug|Any CPU.ActiveCfg = Debug|Any CPU
		{8FD1AE79-7D9B-4BA7-B8FE-FDF1CC7001A1}.Debug|Any CPU.Build.0 = Debug|Any CPU
		{8FD1AE79-7D9B-4BA7-B8FE-FDF1CC7001A1}.Release|Any CPU.ActiveCfg = Release|Any CPU
		{8FD1AE79-7D9B-4BA7-B8FE-FDF1CC7001A1}.Release|Any CPU.Build.0 = Release|Any CPU
	EndGlobalSection
EndGlobal
